Microsoft Visual Studio Solution File, Format Version 12.00
# Visual Studio 15
VisualStudioVersion = 15.0.27703.2035
MinimumVisualStudioVersion = 10.0.40219.1
Project("{57073194-E8B4-4A20-B60C-EE0E10947AF0}") = "VQEARCFuelLoader", "VQEARCFuelLoader.csproj", "{7196D15E-D480-441A-A2E0-87B9696DD38F}"
EndProject
Global
	GlobalSection(SolutionConfigurationPlatforms) = preSolution
		Debug|Any CPU = Debug|Any CPU
		Release|Any CPU = Release|Any CPU
	EndGlobalSection
	GlobalSection(ProjectConfigurationPlatforms) = postSolution
		{7196d15e-d480-441a-a2e0-87b9696dd38f}.Debug|Any CPU.ActiveCfg = Debug|Any CPU
		{7196d15e-d480-441a-a2e0-87b9696dd38f}.Debug|Any CPU.Build.0 = Debug|Any CPU
		{7196d15e-d480-441a-a2e0-87b9696dd38f}.Release|Any CPU.ActiveCfg = Release|Any CPU
		{7196d15e-d480-441a-a2e0-87b9696dd38f}.Release|Any CPU.Build.0 = Release|Any CPU
	EndGlobalSection
	GlobalSection(SolutionProperties) = preSolution
		HideSolutionNode = FALSE
	EndGlobalSection
	GlobalSection(ExtensibilityGlobals) = postSolution
		SolutionGuid = {31005EA7-3F04-446F-80B2-016137708540}
	EndGlobalSection
EndGlobal
